// !$*UTF8*$!
{
	archiveVersion = 1;
	classes = {
	};
	objectVersion = 48;
	objects = {

/* Begin PBXBuildFile section */
		94DF07631F506E0F0091F819 /* AppDelegate.swift in Sources */ = {isa = PBXBuildFile; fileRef = 94DF07621F506E0F0091F819 /* AppDelegate.swift */; };
		94DF07651F506E0F0091F819 /* art.scnassets in Resources */ = {isa = PBXBuildFile; fileRef = 94DF07641F506E0F0091F819 /* art.scnassets */; };
		94DF07671F506E0F0091F819 /* ViewController.swift in Sources */ = {isa = PBXBuildFile; fileRef = 94DF07661F506E0F0091F819 /* ViewController.swift */; };
		94DF076A1F506E0F0091F819 /* Main.storyboard in Resources */ = {isa = PBXBuildFile; fileRef = 94DF07681F506E0F0091F819 /* Main.storyboard */; };
		94DF076C1F506E0F0091F819 /* Assets.xcassets in Resources */ = {isa = PBXBuildFile; fileRef = 94DF076B1F506E0F0091F819 /* Assets.xcassets */; };
		94DF076F1F506E0F0091F819 /* LaunchScreen.storyboard in Resources */ = {isa = PBXBuildFile; fileRef = 94DF076D1F506E0F0091F819 /* LaunchScreen.storyboard */; };
		94DF07771F5071D90091F819 /* ARBullet.swift in Sources */ = {isa = PBXBuildFile; fileRef = 94DF07761F5071D90091F819 /* ARBullet.swift */; };
		94DF07791F5072460091F819 /* Logo.swift in Sources */ = {isa = PBXBuildFile; fileRef = 94DF07781F5072460091F819 /* Logo.swift */; };
		94DF077B1F5072640091F819 /* CollisionCategory.swift in Sources */ = {isa = PBXBuildFile; fileRef = 94DF077A1F5072640091F819 /* CollisionCategory.swift */; };
/* End PBXBuildFile section */

/* Begin PBXFileReference section */
		94DF075F1F506E0F0091F819 /* DTARKitExample1.app */ = {isa = PBXFileReference; explicitFileType = wrapper.application; includeInIndex = 0; path = DTARKitExample1.app; sourceTree = BUILT_PRODUCTS_DIR; };
		94DF07621F506E0F0091F819 /* AppDelegate.swift */ = {isa = PBXFileReference; lastKnownFileType = sourcecode.swift; path = AppDelegate.swift; sourceTree = "<group>"; };
		94DF07641F506E0F0091F819 /* art.scnassets */ = {isa = PBXFileReference; lastKnownFileType = wrapper.scnassets; path = art.scnassets; sourceTree = "<group>"; };
		94DF07661F506E0F0091F819 /* ViewController.swift */ = {isa = PBXFileReference; lastKnownFileType = sourcecode.swift; path = ViewController.swift; sourceTree = "<group>"; };
		94DF07691F506E0F0091F819 /* Base */ = {isa = PBXFileReference; lastKnownFileType = file.storyboard; name = Base; path = Base.lproj/Main.storyboard; sourceTree = "<group>"; };
		94DF076B1F506E0F0091F819 /* Assets.xcassets */ = {isa = PBXFileReference; lastKnownFileType = folder.assetcatalog; path = Assets.xcassets; sourceTree = "<group>"; };
		94DF076E1F506E0F0091F819 /* Base */ = {isa = PBXFileReference; lastKnownFileType = file.storyboard; name = Base; path = Base.lproj/LaunchScreen.storyboard; sourceTree = "<group>"; };
		94DF07701F506E0F0091F819 /* Info.plist */ = {isa = PBXFileReference; lastKnownFileType = text.plist.xml; path = Info.plist; sourceTree = "<group>"; };
		94DF07761F5071D90091F819 /* ARBullet.swift */ = {isa = PBXFileReference; lastKnownFileType = sourcecode.swift; path = ARBullet.swift; sourceTree = "<group>"; };
		94DF07781F5072460091F819 /* Logo.swift */ = {isa = PBXFileReference; lastKnownFileType = sourcecode.swift; path = Logo.swift; sourceTree = "<group>"; };
		94DF077A1F5072640091F819 /* CollisionCategory.swift */ = {isa = PBXFileReference; lastKnownFileType = sourcecode.swift; path = CollisionCategory.swift; sourceTree = "<group>"; };
/* End PBXFileReference section */

/* Begin PBXFrameworksBuildPhase section */
		94DF075C1F506E0F0091F819 /* Frameworks */ = {
			isa = PBXFrameworksBuildPhase;
			buildActionMask = 2147483647;
			files = (
			);
			runOnlyForDeploymentPostprocessing = 0;
		};
/* End PBXFrameworksBuildPhase section */

/* Begin PBXGroup section */
		94DF07561F506E0F0091F819 = {
			isa = PBXGroup;
			children = (
				94DF07611F506E0F0091F819 /* DTARKitExample1 */,
				94DF07601F506E0F0091F819 /* Products */,
			);
			sourceTree = "<group>";
		};
		94DF07601F506E0F0091F819 /* Products */ = {
			isa = PBXGroup;
			children = (
				94DF075F1F506E0F0091F819 /* DTARKitExample1.app */,
			);
			name = Products;
			sourceTree = "<group>";
		};
		94DF07611F506E0F0091F819 /* DTARKitExample1 */ = {
			isa = PBXGroup;
			children = (
				94DF07621F506E0F0091F819 /* AppDelegate.swift */,
				94DF07641F506E0F0091F819 /* art.scnassets */,
				94DF07661F506E0F0091F819 /* ViewController.swift */,
				94DF07761F5071D90091F819 /* ARBullet.swift */,
				94DF07781F5072460091F819 /* Logo.swift */,
				94DF077A1F5072640091F819 /* CollisionCategory.swift */,
				94DF07681F506E0F0091F819 /* Main.storyboard */,
				94DF076B1F506E0F0091F819 /* Assets.xcassets */,
				94DF076D1F506E0F0091F819 /* LaunchScreen.storyboard */,
				94DF07701F506E0F0091F819 /* Info.plist */,
			);
			path = DTARKitExample1;
			sourceTree = "<group>";
		};
/* End PBXGroup section */

/* Begin PBXNativeTarget section */
		94DF075E1F506E0F0091F819 /* DTARKitExample1 */ = {
			isa = PBXNativeTarget;
			buildConfigurationList = 94DF07731F506E0F0091F819 /* Build configuration list for PBXNativeTarget "DTARKitExample1" */;
			buildPhases = (
				94DF075B1F506E0F0091F819 /* Sources */,
				94DF075C1F506E0F0091F819 /* Frameworks */,
				94DF075D1F506E0F0091F819 /* Resources */,
			);
			buildRules = (
			);
			dependencies = (
			);
			name = DTARKitExample1;
			productName = DTARKitExample1;
			productReference = 94DF075F1F506E0F0091F819 /* DTARKitExample1.app */;
			productType = "com.apple.product-type.application";
		};
/* End PBXNativeTarget section */

/* Begin PBXProject section */
		94DF07571F506E0F0091F819 /* Project object */ = {
			isa = PBXProject;
			attributes = {
				LastSwiftUpdateCheck = 0900;
				LastUpgradeCheck = 0900;
				ORGANIZATIONNAME = "Dima Tsurkan";
				TargetAttributes = {
					94DF075E1F506E0F0091F819 = {
						CreatedOnToolsVersion = 9.0;
						ProvisioningStyle = Automatic;
					};
				};
			};
			buildConfigurationList = 94DF075A1F506E0F0091F819 /* Build configuration list for PBXProject "DTARKitExample1" */;
			compatibilityVersion = "Xcode 8.0";
			developmentRegion = en;
			hasScannedForEncodings = 0;
			knownRegions = (
				en,
				Base,
			);
			mainGroup = 94DF07561F506E0F0091F819;
			productRefGroup = 94DF07601F506E0F0091F819 /* Products */;
			projectDirPath = "";
			projectRoot = "";
			targets = (
				94DF075E1F506E0F0091F819 /* DTARKitExample1 */,
			);
		};
/* End PBXProject section */

/* Begin PBXResourcesBuildPhase section */
		94DF075D1F506E0F0091F819 /* Resources */ = {
			isa = PBXResourcesBuildPhase;
			buildActionMask = 2147483647;
			files = (
				94DF07651F506E0F0091F819 /* art.scnassets in Resources */,
				94DF076F1F506E0F0091F819 /* LaunchScreen.storyboard in Resources */,
				94DF076C1F506E0F0091F819 /* Assets.xcassets in Resources */,
				94DF076A1F506E0F0091F819 /* Main.storyboard in Resources */,
			);
			runOnlyForDeploymentPostprocessing = 0;
		};
/* End PBXResourcesBuildPhase section */

/* Begin PBXSourcesBuildPhase section */
		94DF075B1F506E0F0091F819 /* Sources */ = {
			isa = PBXSourcesBuildPhase;
			buildActionMask = 2147483647;
			files = (
				94DF07771F5071D90091F819 /* ARBullet.swift in Sources */,
				94DF077B1F5072640091F819 /* CollisionCategory.swift in Sources */,
				94DF07671F506E0F0091F819 /* ViewController.swift in Sources */,
				94DF07791F5072460091F819 /* Logo.swift in Sources */,
				94DF07631F506E0F0091F819 /* AppDelegate.swift in Sources */,
			);
			runOnlyForDeploymentPostprocessing = 0;
		};
/* End PBXSourcesBuildPhase section */

/* Begin PBXVariantGroup section */
		94DF07681F506E0F0091F819 /* Main.storyboard */ = {
			isa = PBXVariantGroup;
			children = (
				94DF07691F506E0F0091F819 /* Base */,
			);
			name = Main.storyboard;
			sourceTree = "<group>";
		};
		94DF076D1F506E0F0091F819 /* LaunchScreen.storyboard */ = {
			isa = PBXVariantGroup;
			children = (
				94DF076E1F506E0F0091F819 /* Base */,
			);
			name = LaunchScreen.storyboard;
			sourceTree = "<group>";
		};
/* End PBXVariantGroup section */

/* Begin XCBuildConfiguration section */
		94DF07711F506E0F0091F819 /* Debug */ = {
			isa = XCBuildConfiguration;
			buildSettings = {
				ALWAYS_SEARCH_USER_PATHS = NO;
				CLANG_ANALYZER_NONNULL = YES;
				CLANG_ANALYZER_NUMBER_OBJECT_CONVERSION = YES_AGGRESSIVE;
				CLANG_CXX_LANGUAGE_STANDARD = "gnu++14";
				CLANG_CXX_LIBRARY = "libc++";
				CLANG_ENABLE_MODULES = YES;
				CLANG_ENABLE_OBJC_ARC = YES;
				CLANG_WARN_BLOCK_CAPTURE_AUTORELEASING = YES;
				CLANG_WARN_BOOL_CONVERSION = YES;
				CLANG_WARN_COMMA = YES;
				CLANG_WARN_CONSTANT_CONVERSION = YES;
				CLANG_WARN_DIRECT_OBJC_ISA_USAGE = YES_ERROR;
				CLANG_WARN_DOCUMENTATION_COMMENTS = YES;
				CLANG_WARN_EMPTY_BODY = YES;
				CLANG_WARN_ENUM_CONVERSION = YES;
				CLANG_WARN_INFINITE_RECURSION = YES;
				CLANG_WARN_INT_CONVERSION = YES;
				CLANG_WARN_NON_LITERAL_NULL_CONVERSION = YES;
				CLANG_WARN_OBJC_LITERAL_CONVERSION = YES;
				CLANG_WARN_OBJC_ROOT_CLASS = YES_ERROR;
				CLANG_WARN_RANGE_LOOP_ANALYSIS = YES;
				CLANG_WARN_STRICT_PROTOTYPES = YES;
				CLANG_WARN_SUSPICIOUS_MOVE = YES;
				CLANG_WARN_UNGUARDED_AVAILABILITY = YES_AGGRESSIVE;
				CLANG_WARN_UNREACHABLE_CODE = YES;
				CLANG_WARN__DUPLICATE_METHOD_MATCH = YES;
				CODE_SIGN_IDENTITY = "iPhone Developer";
				COPY_PHASE_STRIP = NO;
				DEBUG_INFORMATION_FORMAT = dwarf;
				ENABLE_STRICT_OBJC_MSGSEND = YES;
				ENABLE_TESTABILITY = YES;
				GCC_C_LANGUAGE_STANDARD = gnu11;
				GCC_DYNAMIC_NO_PIC = NO;
				GCC_NO_COMMON_BLOCKS = YES;
				GCC_OPTIMIZATION_LEVEL = 0;
				GCC_PREPROCESSOR_DEFINITIONS = (
					"DEBUG=1",
					"$(inherited)",
				);
				GCC_WARN_64_TO_32_BIT_CONVERSION = YES;
				GCC_WARN_ABOUT_RETURN_TYPE = YES_ERROR;
				GCC_WARN_UNDECLARED_SELECTOR = YES;
				GCC_WARN_UNINITIALIZED_AUTOS = YES_AGGRESSIVE;
				GCC_WARN_UNUSED_FUNCTION = YES;
				GCC_WARN_UNUSED_VARIABLE = YES;
				IPHONEOS_DEPLOYMENT_TARGET = 11.0;
				MTL_ENABLE_DEBUG_INFO = YES;
				ONLY_ACTIVE_ARCH = YES;
				SDKROOT = iphoneos;
				SWIFT_ACTIVE_COMPILATION_CONDITIONS = DEBUG;
				SWIFT_OPTIMIZATION_LEVEL = "-Onone";
			};
			name = Debug;
		};
		94DF07721F506E0F0091F819 /* Release */ = {
			isa = XCBuildConfiguration;
			buildSettings = {
				ALWAYS_SEARCH_USER_PATHS = NO;
				CLANG_ANALYZER_NONNULL = YES;
				CLANG_ANALYZER_NUMBER_OBJECT_CONVERSION = YES_AGGRESSIVE;
				CLANG_CXX_LANGUAGE_STANDARD = "gnu++14";
				CLANG_CXX_LIBRARY = "libc++";
				CLANG_ENABLE_MODULES = YES;
				CLANG_ENABLE_OBJC_ARC = YES;
				CLANG_WARN_BLOCK_CAPTURE_AUTORELEASING = YES;
				CLANG_WARN_BOOL_CONVERSION = YES;
				CLANG_WARN_COMMA = YES;
				CLANG_WARN_CONSTANT_CONVERSION = YES;
				CLANG_WARN_DIRECT_OBJC_ISA_USAGE = YES_ERROR;
				CLANG_WARN_DOCUMENTATION_COMMENTS = YES;
				CLANG_WARN_EMPTY_BODY = YES;
				CLANG_WARN_ENUM_CONVERSION = YES;
				CLANG_WARN_INFINITE_RECURSION = YES;
				CLANG_WARN_INT_CONVERSION = YES;
				CLANG_WARN_NON_LITERAL_NULL_CONVERSION = YES;
				CLANG_WARN_OBJC_LITERAL_CONVERSION = YES;
				CLANG_WARN_OBJC_ROOT_CLASS = YES_ERROR;
				CLANG_WARN_RANGE_LOOP_ANALYSIS = YES;
				CLANG_WARN_STRICT_PROTOTYPES = YES;
				CLANG_WARN_SUSPICIOUS_MOVE = YES;
				CLANG_WARN_UNGUARDED_AVAILABILITY = YES_AGGRESSIVE;
				CLANG_WARN_UNREACHABLE_CODE = YES;
				CLANG_WARN__DUPLICATE_METHOD_MATCH = YES;
				CODE_SIGN_IDENTITY = "iPhone Developer";
				COPY_PHASE_STRIP = NO;
				DEBUG_INFORMATION_FORMAT = "dwarf-with-dsym";
				ENABLE_NS_ASSERTIONS = NO;
				ENABLE_STRICT_OBJC_MSGSEND = YES;
				GCC_C_LANGUAGE_STANDARD = gnu11;
				GCC_NO_COMMON_BLOCKS = YES;
				GCC_WARN_64_TO_32_BIT_CONVERSION = YES;
				GCC_WARN_ABOUT_RETURN_TYPE = YES_ERROR;
				GCC_WARN_UNDECLARED_SELECTOR = YES;
				GCC_WARN_UNINITIALIZED_AUTOS = YES_AGGRESSIVE;
				GCC_WARN_UNUSED_FUNCTION = YES;
				GCC_WARN_UNUSED_VARIABLE = YES;
				IPHONEOS_DEPLOYMENT_TARGET = 11.0;
				MTL_ENABLE_DEBUG_INFO = NO;
				SDKROOT = iphoneos;
				SWIFT_OPTIMIZATION_LEVEL = "-Owholemodule";
				VALIDATE_PRODUCT = YES;
			};
			name = Release;
		};
		94DF07741F506E0F0091F819 /* Debug */ = {
			isa = XCBuildConfiguration;
			buildSettings = {
				ASSETCATALOG_COMPILER_APPICON_NAME = AppIcon;
				CODE_SIGN_STYLE = Automatic;
				DEVELOPMENT_TEAM = XAVH5H9TPA;
				INFOPLIST_FILE = DTARKitExample1/Info.plist;
				LD_RUNPATH_SEARCH_PATHS = "$(inherited) @executable_path/Frameworks";
				PRODUCT_BUNDLE_IDENTIFIER = com.dtsurkan.DTARKitExample1;
				PRODUCT_NAME = "$(TARGET_NAME)";
				SWIFT_VERSION = 4.0;
				TARGETED_DEVICE_FAMILY = "1,2";
			};
			name = Debug;
		};
		94DF07751F506E0F0091F819 /* Release */ = {
			isa = XCBuildConfiguration;
			buildSettings = {
				ASSETCATALOG_COMPILER_APPICON_NAME = AppIcon;
				CODE_SIGN_STYLE = Automatic;
				DEVELOPMENT_TEAM = XAVH5H9TPA;
				INFOPLIST_FILE = DTARKitExample1/Info.plist;
				LD_RUNPATH_SEARCH_PATHS = "$(inherited) @executable_path/Frameworks";
				PRODUCT_BUNDLE_IDENTIFIER = com.dtsurkan.DTARKitExample1;
				PRODUCT_NAME = "$(TARGET_NAME)";
				SWIFT_VERSION = 4.0;
				TARGETED_DEVICE_FAMILY = "1,2";
			};
			name = Release;
		};
/* End XCBuildConfiguration section */

/* Begin XCConfigurationList section */
		94DF075A1F506E0F0091F819 /* Build configuration list for PBXProject "DTARKitExample1" */ = {
			isa = XCConfigurationList;
			buildConfigurations = (
				94DF07711F506E0F0091F819 /* Debug */,
				94DF07721F506E0F0091F819 /* Release */,
			);
			defaultConfigurationIsVisible = 0;
			defaultConfigurationName = Release;
		};
		94DF07731F506E0F0091F819 /* Build configuration list for PBXNativeTarget "DTARKitExample1" */ = {
			isa = XCConfigurationList;
			buildConfigurations = (
				94DF07741F506E0F0091F819 /* Debug */,
				94DF07751F506E0F0091F819 /* Release */,
			);
			defaultConfigurationIsVisible = 0;
			defaultConfigurationName = Release;
		};
/* End XCConfigurationList section */
	};
	rootObject = 94DF07571F506E0F0091F819 /* Project object */;
}
